<?xml version="1.0" encoding="utf-8"?>
<Project ToolsVersion="4.0" xmlns="http://schemas.microsoft.com/developer/msbuild/2003">
  <ItemGroup>
    <Filter Include="Source Files">
      <UniqueIdentifier>{4FC737F1-C7A5-4376-A066-2A32D752A2FF}</UniqueIdentifier>
      <Extensions>cpp;c;cc;cxx;c++;cppm;ixx;def;odl;idl;hpj;bat;asm;asmx</Extensions>
    </Filter>
    <Filter Include="Header Files">
      <UniqueIdentifier>{93995380-89BD-4b04-88EB-625FBE52EBFB}</UniqueIdentifier>
      <Extensions>h;hh;hpp;hxx;h++;hm;inl;inc;ipp;xsd</Extensions>
    </Filter>
    <Filter Include="Resource Files">
      <UniqueIdentifier>{67DA6AB6-F800-4c08-8B7A-83BB121AAD01}</UniqueIdentifier>
      <Extensions>rc;ico;cur;bmp;dlg;rc2;rct;bin;rgs;gif;jpg;jpeg;jpe;resx;tiff;tif;png;wav;mfcribbon-ms</Extensions>
    </Filter>
    <Filter Include="timercpp">
      <UniqueIdentifier>{1f89e353-3279-4ca9-9f2d-7e1e6e7e5802}</UniqueIdentifier>
    </Filter>
    <Filter Include="color-console">
      <UniqueIdentifier>{c90e527c-5f2f-47fc-b604-415077ab55e4}</UniqueIdentifier>
    </Filter>
    <Filter Include="Header Files\game">
      <UniqueIdentifier>{cbeeb46e-4b85-4329-a1b2-289ad90512d9}</UniqueIdentifier>
    </Filter>
    <Filter Include="Header Files\function">
      <UniqueIdentifier>{16271c39-d02c-4ff6-b23b-97d18a657782}</UniqueIdentifier>
    </Filter>
    <Filter Include="Header Files\system">
      <UniqueIdentifier>{63d4e533-0d82-48f0-97d2-92d545cfe381}</UniqueIdentifier>
    </Filter>
  </ItemGroup>
  <ItemGroup>
    <ClCompile Include="main.cpp">
      <Filter>Source Files</Filter>
    </ClCompile>
  </ItemGroup>
  <ItemGroup>
    <ClInclude Include="timercpp\timercpp.h">
      <Filter>timercpp</Filter>
    </ClInclude>
    <ClInclude Include="color-console\color.hpp">
      <Filter>color-console</Filter>
    </ClInclude>
    <ClInclude Include="game_functions.h">
      <Filter>Header Files\game</Filter>
    </ClInclude>
    <ClInclude Include="game_save_load.h">
      <Filter>Header Files\game</Filter>
    </ClInclude>
    <ClInclude Include="game_tabs.h">
      <Filter>Header Files\game</Filter>
    </ClInclude>
    <ClInclude Include="function_line.h">
      <Filter>Header Files\function</Filter>
    </ClInclude>
    <ClInclude Include="game_variables.h">
      <Filter>Header Files\game</Filter>
    </ClInclude>
    <ClInclude Include="system_color.h">
      <Filter>Header Files\system</Filter>
    </ClInclude>
    <ClInclude Include="system_console.h">
      <Filter>Header Files\system</Filter>
    </ClInclude>
  </ItemGroup>
</Project>